{
  "requires": true,
  "lockfileVersion": 1,
  "dependencies": {
    "postgres": {
      "version": "1.0.2",
      "resolved": "https://registry.npmjs.org/postgres/-/postgres-1.0.2.tgz",
      "integrity": "sha512-zeLgt42KSUNgX/uvo+gbVxTAYwgSY6MIKuU/a8YWuObX4rtGuKrVWopvEAqIAPSO0FeHS1TsSKnqPjoufPy8NA=="
    }
  }
}
